// !$*UTF8*$!
{
	archiveVersion = 1;
	classes = {
	};
	objectVersion = 46;
	objects = {

/* Begin PBXBuildFile section */
		BEA1547A1FDFD3E900DBEF6D /* main.cpp in Sources */ = {isa = PBXBuildFile; fileRef = BEA154791FDFD3E900DBEF6D /* main.cpp */; };
/* End PBXBuildFile section */

/* Begin PBXCopyFilesBuildPhase section */
		BEA154741FDFD3E900DBEF6D /* CopyFiles */ = {
			isa = PBXCopyFilesBuildPhase;
			buildActionMask = 2147483647;
			dstPath = /usr/share/man/man1/;
			dstSubfolderSpec = 0;
			files = (
			);
			runOnlyForDeploymentPostprocessing = 1;
		};
/* End PBXCopyFilesBuildPhase section */

/* Begin PBXFileReference section */
		BEA154761FDFD3E900DBEF6D /* Sets Shared */ = {isa = PBXFileReference; explicitFileType = "compiled.mach-o.executable"; includeInIndex = 0; path = "Sets Shared"; sourceTree = BUILT_PRODUCTS_DIR; };
		BEA154791FDFD3E900DBEF6D /* main.cpp */ = {isa = PBXFileReference; lastKnownFileType = sourcecode.cpp.cpp; path = main.cpp; sourceTree = "<group>"; };
		BEA154801FDFD3F600DBEF6D /* GTUSet.h */ = {isa = PBXFileReference; lastKnownFileType = sourcecode.c.h; path = GTUSet.h; sourceTree = "<group>"; };
		BEA154811FDFD40200DBEF6D /* GTULinkedListTools.h */ = {isa = PBXFileReference; lastKnownFileType = sourcecode.c.h; path = GTULinkedListTools.h; sourceTree = "<group>"; };
		BEA154821FDFD41B00DBEF6D /* GTULinkedListTools.h */ = {isa = PBXFileReference; lastKnownFileType = sourcecode.c.h; path = GTULinkedListTools.h; sourceTree = "<group>"; };
/* End PBXFileReference section */

/* Begin PBXFrameworksBuildPhase section */
		BEA154731FDFD3E900DBEF6D /* Frameworks */ = {
			isa = PBXFrameworksBuildPhase;
			buildActionMask = 2147483647;
			files = (
			);
			runOnlyForDeploymentPostprocessing = 0;
		};
/* End PBXFrameworksBuildPhase section */

/* Begin PBXGroup section */
		BEA1546D1FDFD3E900DBEF6D = {
			isa = PBXGroup;
			children = (
				BEA154821FDFD41B00DBEF6D /* GTULinkedListTools.h */,
				BEA154811FDFD40200DBEF6D /* GTULinkedListTools.h */,
				BEA154801FDFD3F600DBEF6D /* GTUSet.h */,
				BEA154781FDFD3E900DBEF6D /* Sets Shared */,
				BEA154771FDFD3E900DBEF6D /* Products */,
			);
			sourceTree = "<group>";
		};
		BEA154771FDFD3E900DBEF6D /* Products */ = {
			isa = PBXGroup;
			children = (
				BEA154761FDFD3E900DBEF6D /* Sets Shared */,
			);
			name = Products;
			sourceTree = "<group>";
		};
		BEA154781FDFD3E900DBEF6D /* Sets Shared */ = {
			isa = PBXGroup;
			children = (
				BEA154791FDFD3E900DBEF6D /* main.cpp */,
			);
			path = "Sets Shared";
			sourceTree = "<group>";
		};
/* End PBXGroup section */

/* Begin PBXNativeTarget section */
		BEA154751FDFD3E900DBEF6D /* Sets Shared */ = {
			isa = PBXNativeTarget;
			buildConfigurationList = BEA1547D1FDFD3E900DBEF6D /* Build configuration list for PBXNativeTarget "Sets Shared" */;
			buildPhases = (
				BEA154721FDFD3E900DBEF6D /* Sources */,
				BEA154731FDFD3E900DBEF6D /* Frameworks */,
				BEA154741FDFD3E900DBEF6D /* CopyFiles */,
			);
			buildRules = (
			);
			dependencies = (
			);
			name = "Sets Shared";
			productName = "Sets Shared";
			productReference = BEA154761FDFD3E900DBEF6D /* Sets Shared */;
			productType = "com.apple.product-type.tool";
		};
/* End PBXNativeTarget section */

/* Begin PBXProject section */
		BEA1546E1FDFD3E900DBEF6D /* Project object */ = {
			isa = PBXProject;
			attributes = {
				LastUpgradeCheck = 0820;
				ORGANIZATIONNAME = "Muhammed Okumuş";
				TargetAttributes = {
					BEA154751FDFD3E900DBEF6D = {
						CreatedOnToolsVersion = 8.2.1;
						ProvisioningStyle = Automatic;
					};
				};
			};
			buildConfigurationList = BEA154711FDFD3E900DBEF6D /* Build configuration list for PBXProject "Sets Shared" */;
			compatibilityVersion = "Xcode 3.2";
			developmentRegion = English;
			hasScannedForEncodings = 0;
			knownRegions = (
				en,
			);
			mainGroup = BEA1546D1FDFD3E900DBEF6D;
			productRefGroup = BEA154771FDFD3E900DBEF6D /* Products */;
			projectDirPath = "";
			projectRoot = "";
			targets = (
				BEA154751FDFD3E900DBEF6D /* Sets Shared */,
			);
		};
/* End PBXProject section */

/* Begin PBXSourcesBuildPhase section */
		BEA154721FDFD3E900DBEF6D /* Sources */ = {
			isa = PBXSourcesBuildPhase;
			buildActionMask = 2147483647;
			files = (
				BEA1547A1FDFD3E900DBEF6D /* main.cpp in Sources */,
			);
			runOnlyForDeploymentPostprocessing = 0;
		};
/* End PBXSourcesBuildPhase section */

/* Begin XCBuildConfiguration section */
		BEA1547B1FDFD3E900DBEF6D /* Debug */ = {
			isa = XCBuildConfiguration;
			buildSettings = {
				ALWAYS_SEARCH_USER_PATHS = NO;
				CLANG_ANALYZER_NONNULL = YES;
				CLANG_CXX_LANGUAGE_STANDARD = "gnu++0x";
				CLANG_CXX_LIBRARY = "libc++";
				CLANG_ENABLE_MODULES = YES;
				CLANG_ENABLE_OBJC_ARC = YES;
				CLANG_WARN_BOOL_CONVERSION = YES;
				CLANG_WARN_CONSTANT_CONVERSION = YES;
				CLANG_WARN_DIRECT_OBJC_ISA_USAGE = YES_ERROR;
				CLANG_WARN_DOCUMENTATION_COMMENTS = YES;
				CLANG_WARN_EMPTY_BODY = YES;
				CLANG_WARN_ENUM_CONVERSION = YES;
				CLANG_WARN_INFINITE_RECURSION = YES;
				CLANG_WARN_INT_CONVERSION = YES;
				CLANG_WARN_OBJC_ROOT_CLASS = YES_ERROR;
				CLANG_WARN_SUSPICIOUS_MOVE = YES;
				CLANG_WARN_UNREACHABLE_CODE = YES;
				CLANG_WARN__DUPLICATE_METHOD_MATCH = YES;
				CODE_SIGN_IDENTITY = "-";
				COPY_PHASE_STRIP = NO;
				DEBUG_INFORMATION_FORMAT = dwarf;
				ENABLE_STRICT_OBJC_MSGSEND = YES;
				ENABLE_TESTABILITY = YES;
				GCC_C_LANGUAGE_STANDARD = gnu99;
				GCC_DYNAMIC_NO_PIC = NO;
				GCC_NO_COMMON_BLOCKS = YES;
				GCC_OPTIMIZATION_LEVEL = 0;
				GCC_PREPROCESSOR_DEFINITIONS = (
					"DEBUG=1",
					"$(inherited)",
				);
				GCC_WARN_64_TO_32_BIT_CONVERSION = YES;
				GCC_WARN_ABOUT_RETURN_TYPE = YES_ERROR;
				GCC_WARN_UNDECLARED_SELECTOR = YES;
				GCC_WARN_UNINITIALIZED_AUTOS = YES_AGGRESSIVE;
				GCC_WARN_UNUSED_FUNCTION = YES;
				GCC_WARN_UNUSED_VARIABLE = YES;
				MACOSX_DEPLOYMENT_TARGET = 10.11;
				MTL_ENABLE_DEBUG_INFO = YES;
				ONLY_ACTIVE_ARCH = YES;
				SDKROOT = macosx;
			};
			name = Debug;
		};
		BEA1547C1FDFD3E900DBEF6D /* Release */ = {
			isa = XCBuildConfiguration;
			buildSettings = {
				ALWAYS_SEARCH_USER_PATHS = NO;
				CLANG_ANALYZER_NONNULL = YES;
				CLANG_CXX_LANGUAGE_STANDARD = "gnu++0x";
				CLANG_CXX_LIBRARY = "libc++";
				CLANG_ENABLE_MODULES = YES;
				CLANG_ENABLE_OBJC_ARC = YES;
				CLANG_WARN_BOOL_CONVERSION = YES;
				CLANG_WARN_CONSTANT_CONVERSION = YES;
				CLANG_WARN_DIRECT_OBJC_ISA_USAGE = YES_ERROR;
				CLANG_WARN_DOCUMENTATION_COMMENTS = YES;
				CLANG_WARN_EMPTY_BODY = YES;
				CLANG_WARN_ENUM_CONVERSION = YES;
				CLANG_WARN_INFINITE_RECURSION = YES;
				CLANG_WARN_INT_CONVERSION = YES;
				CLANG_WARN_OBJC_ROOT_CLASS = YES_ERROR;
				CLANG_WARN_SUSPICIOUS_MOVE = YES;
				CLANG_WARN_UNREACHABLE_CODE = YES;
				CLANG_WARN__DUPLICATE_METHOD_MATCH = YES;
				CODE_SIGN_IDENTITY = "-";
				COPY_PHASE_STRIP = NO;
				DEBUG_INFORMATION_FORMAT = "dwarf-with-dsym";
				ENABLE_NS_ASSERTIONS = NO;
				ENABLE_STRICT_OBJC_MSGSEND = YES;
				GCC_C_LANGUAGE_STANDARD = gnu99;
				GCC_NO_COMMON_BLOCKS = YES;
				GCC_WARN_64_TO_32_BIT_CONVERSION = YES;
				GCC_WARN_ABOUT_RETURN_TYPE = YES_ERROR;
				GCC_WARN_UNDECLARED_SELECTOR = YES;
				GCC_WARN_UNINITIALIZED_AUTOS = YES_AGGRESSIVE;
				GCC_WARN_UNUSED_FUNCTION = YES;
				GCC_WARN_UNUSED_VARIABLE = YES;
				MACOSX_DEPLOYMENT_TARGET = 10.11;
				MTL_ENABLE_DEBUG_INFO = NO;
				SDKROOT = macosx;
			};
			name = Release;
		};
		BEA1547E1FDFD3E900DBEF6D /* Debug */ = {
			isa = XCBuildConfiguration;
			buildSettings = {
				PRODUCT_NAME = "$(TARGET_NAME)";
			};
			name = Debug;
		};
		BEA1547F1FDFD3E900DBEF6D /* Release */ = {
			isa = XCBuildConfiguration;
			buildSettings = {
				PRODUCT_NAME = "$(TARGET_NAME)";
			};
			name = Release;
		};
/* End XCBuildConfiguration section */

/* Begin XCConfigurationList section */
		BEA154711FDFD3E900DBEF6D /* Build configuration list for PBXProject "Sets Shared" */ = {
			isa = XCConfigurationList;
			buildConfigurations = (
				BEA1547B1FDFD3E900DBEF6D /* Debug */,
				BEA1547C1FDFD3E900DBEF6D /* Release */,
			);
			defaultConfigurationIsVisible = 0;
			defaultConfigurationName = Release;
		};
		BEA1547D1FDFD3E900DBEF6D /* Build configuration list for PBXNativeTarget "Sets Shared" */ = {
			isa = XCConfigurationList;
			buildConfigurations = (
				BEA1547E1FDFD3E900DBEF6D /* Debug */,
				BEA1547F1FDFD3E900DBEF6D /* Release */,
			);
			defaultConfigurationIsVisible = 0;
			defaultConfigurationName = Release;
		};
/* End XCConfigurationList section */
	};
	rootObject = BEA1546E1FDFD3E900DBEF6D /* Project object */;
}
