// !$*UTF8*$!
{
	archiveVersion = 1;
	classes = {
	};
	objectVersion = 46;
	objects = {

/* Begin PBXBuildFile section */
		BE2DE4461FDC469C00654F6D /* main.cpp in Sources */ = {isa = PBXBuildFile; fileRef = BE2DE4451FDC469C00654F6D /* main.cpp */; };
/* End PBXBuildFile section */

/* Begin PBXCopyFilesBuildPhase section */
		BE2DE4401FDC469C00654F6D /* CopyFiles */ = {
			isa = PBXCopyFilesBuildPhase;
			buildActionMask = 2147483647;
			dstPath = /usr/share/man/man1/;
			dstSubfolderSpec = 0;
			files = (
			);
			runOnlyForDeploymentPostprocessing = 1;
		};
/* End PBXCopyFilesBuildPhase section */

/* Begin PBXFileReference section */
		BE2DE4421FDC469C00654F6D /* Sets & Maps */ = {isa = PBXFileReference; explicitFileType = "compiled.mach-o.executable"; includeInIndex = 0; path = "Sets & Maps"; sourceTree = BUILT_PRODUCTS_DIR; };
		BE2DE4451FDC469C00654F6D /* main.cpp */ = {isa = PBXFileReference; lastKnownFileType = sourcecode.cpp.cpp; path = main.cpp; sourceTree = "<group>"; };
		BE2DE44C1FDC46A900654F6D /* GTUSetBase.h */ = {isa = PBXFileReference; lastKnownFileType = sourcecode.c.h; path = GTUSetBase.h; sourceTree = "<group>"; };
		BE2DE44D1FDC518600654F6D /* GTUSet.h */ = {isa = PBXFileReference; lastKnownFileType = sourcecode.c.h; path = GTUSet.h; sourceTree = "<group>"; };
		BE2DE44E1FDC55CD00654F6D /* GTULinkedListTools.h */ = {isa = PBXFileReference; lastKnownFileType = sourcecode.c.h; path = GTULinkedListTools.h; sourceTree = "<group>"; };
		BE7CBC9D1FDDFC1000BF9E2F /* notes.txt */ = {isa = PBXFileReference; fileEncoding = 4; lastKnownFileType = text; path = notes.txt; sourceTree = "<group>"; };
/* End PBXFileReference section */

/* Begin PBXFrameworksBuildPhase section */
		BE2DE43F1FDC469C00654F6D /* Frameworks */ = {
			isa = PBXFrameworksBuildPhase;
			buildActionMask = 2147483647;
			files = (
			);
			runOnlyForDeploymentPostprocessing = 0;
		};
/* End PBXFrameworksBuildPhase section */

/* Begin PBXGroup section */
		BE2DE4391FDC469C00654F6D = {
			isa = PBXGroup;
			children = (
				BE2DE44E1FDC55CD00654F6D /* GTULinkedListTools.h */,
				BE2DE44C1FDC46A900654F6D /* GTUSetBase.h */,
				BE2DE44D1FDC518600654F6D /* GTUSet.h */,
				BE2DE4441FDC469C00654F6D /* Sets & Maps */,
				BE2DE4431FDC469C00654F6D /* Products */,
				BE7CBC9D1FDDFC1000BF9E2F /* notes.txt */,
			);
			sourceTree = "<group>";
		};
		BE2DE4431FDC469C00654F6D /* Products */ = {
			isa = PBXGroup;
			children = (
				BE2DE4421FDC469C00654F6D /* Sets & Maps */,
			);
			name = Products;
			sourceTree = "<group>";
		};
		BE2DE4441FDC469C00654F6D /* Sets & Maps */ = {
			isa = PBXGroup;
			children = (
				BE2DE4451FDC469C00654F6D /* main.cpp */,
			);
			path = "Sets & Maps";
			sourceTree = "<group>";
		};
/* End PBXGroup section */

/* Begin PBXNativeTarget section */
		BE2DE4411FDC469C00654F6D /* Sets & Maps */ = {
			isa = PBXNativeTarget;
			buildConfigurationList = BE2DE4491FDC469C00654F6D /* Build configuration list for PBXNativeTarget "Sets & Maps" */;
			buildPhases = (
				BE2DE43E1FDC469C00654F6D /* Sources */,
				BE2DE43F1FDC469C00654F6D /* Frameworks */,
				BE2DE4401FDC469C00654F6D /* CopyFiles */,
			);
			buildRules = (
			);
			dependencies = (
			);
			name = "Sets & Maps";
			productName = "Sets & Maps";
			productReference = BE2DE4421FDC469C00654F6D /* Sets & Maps */;
			productType = "com.apple.product-type.tool";
		};
/* End PBXNativeTarget section */

/* Begin PBXProject section */
		BE2DE43A1FDC469C00654F6D /* Project object */ = {
			isa = PBXProject;
			attributes = {
				LastUpgradeCheck = 0820;
				ORGANIZATIONNAME = "Muhammed Okumuş";
				TargetAttributes = {
					BE2DE4411FDC469C00654F6D = {
						CreatedOnToolsVersion = 8.2.1;
						ProvisioningStyle = Automatic;
					};
				};
			};
			buildConfigurationList = BE2DE43D1FDC469C00654F6D /* Build configuration list for PBXProject "Sets & Maps" */;
			compatibilityVersion = "Xcode 3.2";
			developmentRegion = English;
			hasScannedForEncodings = 0;
			knownRegions = (
				en,
			);
			mainGroup = BE2DE4391FDC469C00654F6D;
			productRefGroup = BE2DE4431FDC469C00654F6D /* Products */;
			projectDirPath = "";
			projectRoot = "";
			targets = (
				BE2DE4411FDC469C00654F6D /* Sets & Maps */,
			);
		};
/* End PBXProject section */

/* Begin PBXSourcesBuildPhase section */
		BE2DE43E1FDC469C00654F6D /* Sources */ = {
			isa = PBXSourcesBuildPhase;
			buildActionMask = 2147483647;
			files = (
				BE2DE4461FDC469C00654F6D /* main.cpp in Sources */,
			);
			runOnlyForDeploymentPostprocessing = 0;
		};
/* End PBXSourcesBuildPhase section */

/* Begin XCBuildConfiguration section */
		BE2DE4471FDC469C00654F6D /* Debug */ = {
			isa = XCBuildConfiguration;
			buildSettings = {
				ALWAYS_SEARCH_USER_PATHS = NO;
				CLANG_ANALYZER_NONNULL = YES;
				CLANG_CXX_LANGUAGE_STANDARD = "gnu++0x";
				CLANG_CXX_LIBRARY = "libc++";
				CLANG_ENABLE_MODULES = YES;
				CLANG_ENABLE_OBJC_ARC = YES;
				CLANG_WARN_BOOL_CONVERSION = YES;
				CLANG_WARN_CONSTANT_CONVERSION = YES;
				CLANG_WARN_DIRECT_OBJC_ISA_USAGE = YES_ERROR;
				CLANG_WARN_DOCUMENTATION_COMMENTS = YES;
				CLANG_WARN_EMPTY_BODY = YES;
				CLANG_WARN_ENUM_CONVERSION = YES;
				CLANG_WARN_INFINITE_RECURSION = YES;
				CLANG_WARN_INT_CONVERSION = YES;
				CLANG_WARN_OBJC_ROOT_CLASS = YES_ERROR;
				CLANG_WARN_SUSPICIOUS_MOVE = YES;
				CLANG_WARN_UNREACHABLE_CODE = YES;
				CLANG_WARN__DUPLICATE_METHOD_MATCH = YES;
				CODE_SIGN_IDENTITY = "-";
				COPY_PHASE_STRIP = NO;
				DEBUG_INFORMATION_FORMAT = dwarf;
				ENABLE_STRICT_OBJC_MSGSEND = YES;
				ENABLE_TESTABILITY = YES;
				GCC_C_LANGUAGE_STANDARD = gnu99;
				GCC_DYNAMIC_NO_PIC = NO;
				GCC_NO_COMMON_BLOCKS = YES;
				GCC_OPTIMIZATION_LEVEL = 0;
				GCC_PREPROCESSOR_DEFINITIONS = (
					"DEBUG=1",
					"$(inherited)",
				);
				GCC_WARN_64_TO_32_BIT_CONVERSION = YES;
				GCC_WARN_ABOUT_RETURN_TYPE = YES_ERROR;
				GCC_WARN_UNDECLARED_SELECTOR = YES;
				GCC_WARN_UNINITIALIZED_AUTOS = YES_AGGRESSIVE;
				GCC_WARN_UNUSED_FUNCTION = YES;
				GCC_WARN_UNUSED_VARIABLE = YES;
				MACOSX_DEPLOYMENT_TARGET = 10.11;
				MTL_ENABLE_DEBUG_INFO = YES;
				ONLY_ACTIVE_ARCH = YES;
				SDKROOT = macosx;
			};
			name = Debug;
		};
		BE2DE4481FDC469C00654F6D /* Release */ = {
			isa = XCBuildConfiguration;
			buildSettings = {
				ALWAYS_SEARCH_USER_PATHS = NO;
				CLANG_ANALYZER_NONNULL = YES;
				CLANG_CXX_LANGUAGE_STANDARD = "gnu++0x";
				CLANG_CXX_LIBRARY = "libc++";
				CLANG_ENABLE_MODULES = YES;
				CLANG_ENABLE_OBJC_ARC = YES;
				CLANG_WARN_BOOL_CONVERSION = YES;
				CLANG_WARN_CONSTANT_CONVERSION = YES;
				CLANG_WARN_DIRECT_OBJC_ISA_USAGE = YES_ERROR;
				CLANG_WARN_DOCUMENTATION_COMMENTS = YES;
				CLANG_WARN_EMPTY_BODY = YES;
				CLANG_WARN_ENUM_CONVERSION = YES;
				CLANG_WARN_INFINITE_RECURSION = YES;
				CLANG_WARN_INT_CONVERSION = YES;
				CLANG_WARN_OBJC_ROOT_CLASS = YES_ERROR;
				CLANG_WARN_SUSPICIOUS_MOVE = YES;
				CLANG_WARN_UNREACHABLE_CODE = YES;
				CLANG_WARN__DUPLICATE_METHOD_MATCH = YES;
				CODE_SIGN_IDENTITY = "-";
				COPY_PHASE_STRIP = NO;
				DEBUG_INFORMATION_FORMAT = "dwarf-with-dsym";
				ENABLE_NS_ASSERTIONS = NO;
				ENABLE_STRICT_OBJC_MSGSEND = YES;
				GCC_C_LANGUAGE_STANDARD = gnu99;
				GCC_NO_COMMON_BLOCKS = YES;
				GCC_WARN_64_TO_32_BIT_CONVERSION = YES;
				GCC_WARN_ABOUT_RETURN_TYPE = YES_ERROR;
				GCC_WARN_UNDECLARED_SELECTOR = YES;
				GCC_WARN_UNINITIALIZED_AUTOS = YES_AGGRESSIVE;
				GCC_WARN_UNUSED_FUNCTION = YES;
				GCC_WARN_UNUSED_VARIABLE = YES;
				MACOSX_DEPLOYMENT_TARGET = 10.11;
				MTL_ENABLE_DEBUG_INFO = NO;
				SDKROOT = macosx;
			};
			name = Release;
		};
		BE2DE44A1FDC469C00654F6D /* Debug */ = {
			isa = XCBuildConfiguration;
			buildSettings = {
				PRODUCT_NAME = "$(TARGET_NAME)";
			};
			name = Debug;
		};
		BE2DE44B1FDC469C00654F6D /* Release */ = {
			isa = XCBuildConfiguration;
			buildSettings = {
				PRODUCT_NAME = "$(TARGET_NAME)";
			};
			name = Release;
		};
/* End XCBuildConfiguration section */

/* Begin XCConfigurationList section */
		BE2DE43D1FDC469C00654F6D /* Build configuration list for PBXProject "Sets & Maps" */ = {
			isa = XCConfigurationList;
			buildConfigurations = (
				BE2DE4471FDC469C00654F6D /* Debug */,
				BE2DE4481FDC469C00654F6D /* Release */,
			);
			defaultConfigurationIsVisible = 0;
			defaultConfigurationName = Release;
		};
		BE2DE4491FDC469C00654F6D /* Build configuration list for PBXNativeTarget "Sets & Maps" */ = {
			isa = XCConfigurationList;
			buildConfigurations = (
				BE2DE44A1FDC469C00654F6D /* Debug */,
				BE2DE44B1FDC469C00654F6D /* Release */,
			);
			defaultConfigurationIsVisible = 0;
			defaultConfigurationName = Release;
		};
/* End XCConfigurationList section */
	};
	rootObject = BE2DE43A1FDC469C00654F6D /* Project object */;
}
